
Microsoft Visual Studio Solution File, Format Version 12.00
# Visual Studio 15
VisualStudioVersion = 15.0.26730.16
MinimumVisualStudioVersion = 10.0.40219.1
Project("{FAE04EC0-301F-11D3-BF4B-00C04F79EFBC}") = "MVVMLightExample", "MVVMLightExample\MVVMLightExample.csproj", "{01D0D467-0527-40BF-A9B3-844180369AAB}"
EndProject
Global
	GlobalSection(SolutionConfigurationPlatforms) = preSolution
		Debug|Any CPU = Debug|Any CPU
		Release|Any CPU = Release|Any CPU
	EndGlobalSection
	GlobalSection(ProjectConfigurationPlatforms) = postSolution
		{01D0D467-0527-40BF-A9B3-844180369AAB}.Debug|Any CPU.ActiveCfg = Debug|Any CPU
		{01D0D467-0527-40BF-A9B3-844180369AAB}.Debug|Any CPU.Build.0 = Debug|Any CPU
		{01D0D467-0527-40BF-A9B3-844180369AAB}.Release|Any CPU.ActiveCfg = Release|Any CPU
		{01D0D467-0527-40BF-A9B3-844180369AAB}.Release|Any CPU.Build.0 = Release|Any CPU
	EndGlobalSection
	GlobalSection(SolutionProperties) = preSolution
		HideSolutionNode = FALSE
	EndGlobalSection
	GlobalSection(ExtensibilityGlobals) = postSolution
		SolutionGuid = {856933B8-7CCD-4988-922D-D4A83F0E9C72}
	EndGlobalSection
EndGlobal
